
Microsoft Visual Studio Solution File, Format Version 12.00
# Visual Studio 14
VisualStudioVersion = 14.0.25420.1
MinimumVisualStudioVersion = 10.0.40219.1
Project("{2150E333-8FDC-42A3-9474-1A3956D46DE8}") = "Engine", "Engine", "{896335F7-D85C-414B-9C1E-3B0367BC60D9}"
EndProject
Project("{2150E333-8FDC-42A3-9474-1A3956D46DE8}") = "Games", "Games", "{08CDE800-6F0F-4FEB-8626-FA56C01F7D9E}"
EndProject
Project("{8BC9CEB8-8B4A-11D0-8D11-00A0C91BC942}") = "UE4", "Intermediate\ProjectFiles\UE4.vcxproj", "{FEFE4D76-F99E-4147-BE05-8CCF31B77C11}"
EndProject
Project("{8BC9CEB8-8B4A-11D0-8D11-00A0C91BC942}") = "BuildingEscape", "Intermediate\ProjectFiles\BuildingEscape.vcxproj", "{4C50B743-21C4-4627-8512-7C3D0C11C84A}"
EndProject
Global
	GlobalSection(SolutionConfigurationPlatforms) = preSolution
		DebugGame Editor|Win32 = DebugGame Editor|Win32
		DebugGame Editor|Win64 = DebugGame Editor|Win64
		DebugGame|Win32 = DebugGame|Win32
		DebugGame|Win64 = DebugGame|Win64
		Development Editor|Win32 = Development Editor|Win32
		Development Editor|Win64 = Development Editor|Win64
		Development|Win32 = Development|Win32
		Development|Win64 = Development|Win64
		Shipping|Win32 = Shipping|Win32
		Shipping|Win64 = Shipping|Win64
	EndGlobalSection
	GlobalSection(ProjectConfigurationPlatforms) = postSolution
		{FEFE4D76-F99E-4147-BE05-8CCF31B77C11}.DebugGame Editor|Win32.ActiveCfg = BuiltWithUnrealBuildTool|Win32
		{FEFE4D76-F99E-4147-BE05-8CCF31B77C11}.DebugGame Editor|Win32.Build.0 = BuiltWithUnrealBuildTool|Win32
		{FEFE4D76-F99E-4147-BE05-8CCF31B77C11}.DebugGame Editor|Win64.ActiveCfg = BuiltWithUnrealBuildTool|Win32
		{FEFE4D76-F99E-4147-BE05-8CCF31B77C11}.DebugGame Editor|Win64.Build.0 = BuiltWithUnrealBuildTool|Win32
		{FEFE4D76-F99E-4147-BE05-8CCF31B77C11}.DebugGame|Win32.ActiveCfg = BuiltWithUnrealBuildTool|Win32
		{FEFE4D76-F99E-4147-BE05-8CCF31B77C11}.DebugGame|Win32.Build.0 = BuiltWithUnrealBuildTool|Win32
		{FEFE4D76-F99E-4147-BE05-8CCF31B77C11}.DebugGame|Win64.ActiveCfg = BuiltWithUnrealBuildTool|Win32
		{FEFE4D76-F99E-4147-BE05-8CCF31B77C11}.DebugGame|Win64.Build.0 = BuiltWithUnrealBuildTool|Win32
		{FEFE4D76-F99E-4147-BE05-8CCF31B77C11}.Development Editor|Win32.ActiveCfg = BuiltWithUnrealBuildTool|Win32
		{FEFE4D76-F99E-4147-BE05-8CCF31B77C11}.Development Editor|Win32.Build.0 = BuiltWithUnrealBuildTool|Win32
		{FEFE4D76-F99E-4147-BE05-8CCF31B77C11}.Development Editor|Win64.ActiveCfg = BuiltWithUnrealBuildTool|Win32
		{FEFE4D76-F99E-4147-BE05-8CCF31B77C11}.Development Editor|Win64.Build.0 = BuiltWithUnrealBuildTool|Win32
		{FEFE4D76-F99E-4147-BE05-8CCF31B77C11}.Development|Win32.ActiveCfg = BuiltWithUnrealBuildTool|Win32
		{FEFE4D76-F99E-4147-BE05-8CCF31B77C11}.Development|Win32.Build.0 = BuiltWithUnrealBuildTool|Win32
		{FEFE4D76-F99E-4147-BE05-8CCF31B77C11}.Development|Win64.ActiveCfg = BuiltWithUnrealBuildTool|Win32
		{FEFE4D76-F99E-4147-BE05-8CCF31B77C11}.Development|Win64.Build.0 = BuiltWithUnrealBuildTool|Win32
		{FEFE4D76-F99E-4147-BE05-8CCF31B77C11}.Shipping|Win32.ActiveCfg = BuiltWithUnrealBuildTool|Win32
		{FEFE4D76-F99E-4147-BE05-8CCF31B77C11}.Shipping|Win32.Build.0 = BuiltWithUnrealBuildTool|Win32
		{FEFE4D76-F99E-4147-BE05-8CCF31B77C11}.Shipping|Win64.ActiveCfg = BuiltWithUnrealBuildTool|Win32
		{FEFE4D76-F99E-4147-BE05-8CCF31B77C11}.Shipping|Win64.Build.0 = BuiltWithUnrealBuildTool|Win32
		{4C50B743-21C4-4627-8512-7C3D0C11C84A}.DebugGame Editor|Win32.ActiveCfg = DebugGame_Editor|Win32
		{4C50B743-21C4-4627-8512-7C3D0C11C84A}.DebugGame Editor|Win64.ActiveCfg = DebugGame_Editor|x64
		{4C50B743-21C4-4627-8512-7C3D0C11C84A}.DebugGame Editor|Win64.Build.0 = DebugGame_Editor|x64
		{4C50B743-21C4-4627-8512-7C3D0C11C84A}.DebugGame|Win32.ActiveCfg = DebugGame_Game|Win32
		{4C50B743-21C4-4627-8512-7C3D0C11C84A}.DebugGame|Win32.Build.0 = DebugGame_Game|Win32
		{4C50B743-21C4-4627-8512-7C3D0C11C84A}.DebugGame|Win64.ActiveCfg = DebugGame_Game|x64
		{4C50B743-21C4-4627-8512-7C3D0C11C84A}.DebugGame|Win64.Build.0 = DebugGame_Game|x64
		{4C50B743-21C4-4627-8512-7C3D0C11C84A}.Development Editor|Win32.ActiveCfg = Development_Editor|Win32
		{4C50B743-21C4-4627-8512-7C3D0C11C84A}.Development Editor|Win64.ActiveCfg = Development_Editor|x64
		{4C50B743-21C4-4627-8512-7C3D0C11C84A}.Development Editor|Win64.Build.0 = Development_Editor|x64
		{4C50B743-21C4-4627-8512-7C3D0C11C84A}.Development|Win32.ActiveCfg = Development_Game|Win32
		{4C50B743-21C4-4627-8512-7C3D0C11C84A}.Development|Win32.Build.0 = Development_Game|Win32
		{4C50B743-21C4-4627-8512-7C3D0C11C84A}.Development|Win64.ActiveCfg = Development_Game|x64
		{4C50B743-21C4-4627-8512-7C3D0C11C84A}.Development|Win64.Build.0 = Development_Game|x64
		{4C50B743-21C4-4627-8512-7C3D0C11C84A}.Shipping|Win32.ActiveCfg = Shipping_Game|Win32
		{4C50B743-21C4-4627-8512-7C3D0C11C84A}.Shipping|Win32.Build.0 = Shipping_Game|Win32
		{4C50B743-21C4-4627-8512-7C3D0C11C84A}.Shipping|Win64.ActiveCfg = Shipping_Game|x64
		{4C50B743-21C4-4627-8512-7C3D0C11C84A}.Shipping|Win64.Build.0 = Shipping_Game|x64
	EndGlobalSection
	GlobalSection(SolutionProperties) = preSolution
		HideSolutionNode = FALSE
	EndGlobalSection
	GlobalSection(NestedProjects) = preSolution
		{FEFE4D76-F99E-4147-BE05-8CCF31B77C11} = {896335F7-D85C-414B-9C1E-3B0367BC60D9}
		{4C50B743-21C4-4627-8512-7C3D0C11C84A} = {08CDE800-6F0F-4FEB-8626-FA56C01F7D9E}
	EndGlobalSection
EndGlobal
